
Microsoft Visual Studio Solution File, Format Version 12.00
# Visual Studio Version 17
VisualStudioVersion = 17.0.31903.59
MinimumVisualStudioVersion = 10.0.40219.1
Project("{9A19103F-16F7-4668-BE54-9A1E7A4F7556}") = "PreAcademyAEquazione2Grado", "PreAcademyAEquazione2Grado\PreAcademyAEquazione2Grado.csproj", "{9947D2B6-ADED-49FE-88E3-87CBBE348BB6}"
EndProject
Project("{9A19103F-16F7-4668-BE54-9A1E7A4F7556}") = "PreAcademyAEquazione2Grado.Core", "PreAcademyAEquazione2Grado.Core\PreAcademyAEquazione2Grado.Core.csproj", "{BB9A8B8E-26C1-40EB-9E61-3A83DDB09A9B}"
EndProject
Project("{9A19103F-16F7-4668-BE54-9A1E7A4F7556}") = "PreAcademyAEquazione2Grado.Test", "PreAcademyAEquazione2Grado.Test\PreAcademyAEquazione2Grado.Test.csproj", "{A13DC442-28E5-48F1-928B-CD023260CA08}"
EndProject
Project("{9A19103F-16F7-4668-BE54-9A1E7A4F7556}") = "PreAcademyAEquazione2Grado.WinForms2", "PreAcademyAEquazione2Grado.WinForms2\PreAcademyAEquazione2Grado.WinForms2.csproj", "{58888B75-B631-4829-A161-4A8BB46CC7D2}"
EndProject
Project("{FAE04EC0-301F-11D3-BF4B-00C04F79EFBC}") = "PreAcademyAEquazione2Grado.WPF", "PreAcademyAEquazione2Grado.WPF\PreAcademyAEquazione2Grado.WPF.csproj", "{31CD3EDE-DEE2-4656-ACDC-FF8E80491889}"
EndProject
Global
	GlobalSection(SolutionConfigurationPlatforms) = preSolution
		Debug|Any CPU = Debug|Any CPU
		Release|Any CPU = Release|Any CPU
	EndGlobalSection
	GlobalSection(ProjectConfigurationPlatforms) = postSolution
		{9947D2B6-ADED-49FE-88E3-87CBBE348BB6}.Debug|Any CPU.ActiveCfg = Debug|Any CPU
		{9947D2B6-ADED-49FE-88E3-87CBBE348BB6}.Debug|Any CPU.Build.0 = Debug|Any CPU
		{9947D2B6-ADED-49FE-88E3-87CBBE348BB6}.Release|Any CPU.ActiveCfg = Release|Any CPU
		{9947D2B6-ADED-49FE-88E3-87CBBE348BB6}.Release|Any CPU.Build.0 = Release|Any CPU
		{BB9A8B8E-26C1-40EB-9E61-3A83DDB09A9B}.Debug|Any CPU.ActiveCfg = Debug|Any CPU
		{BB9A8B8E-26C1-40EB-9E61-3A83DDB09A9B}.Debug|Any CPU.Build.0 = Debug|Any CPU
		{BB9A8B8E-26C1-40EB-9E61-3A83DDB09A9B}.Release|Any CPU.ActiveCfg = Release|Any CPU
		{BB9A8B8E-26C1-40EB-9E61-3A83DDB09A9B}.Release|Any CPU.Build.0 = Release|Any CPU
		{A13DC442-28E5-48F1-928B-CD023260CA08}.Debug|Any CPU.ActiveCfg = Debug|Any CPU
		{A13DC442-28E5-48F1-928B-CD023260CA08}.Debug|Any CPU.Build.0 = Debug|Any CPU
		{A13DC442-28E5-48F1-928B-CD023260CA08}.Release|Any CPU.ActiveCfg = Release|Any CPU
		{A13DC442-28E5-48F1-928B-CD023260CA08}.Release|Any CPU.Build.0 = Release|Any CPU
		{58888B75-B631-4829-A161-4A8BB46CC7D2}.Debug|Any CPU.ActiveCfg = Debug|Any CPU
		{58888B75-B631-4829-A161-4A8BB46CC7D2}.Debug|Any CPU.Build.0 = Debug|Any CPU
		{58888B75-B631-4829-A161-4A8BB46CC7D2}.Release|Any CPU.ActiveCfg = Release|Any CPU
		{58888B75-B631-4829-A161-4A8BB46CC7D2}.Release|Any CPU.Build.0 = Release|Any CPU
		{31CD3EDE-DEE2-4656-ACDC-FF8E80491889}.Debug|Any CPU.ActiveCfg = Debug|Any CPU
		{31CD3EDE-DEE2-4656-ACDC-FF8E80491889}.Debug|Any CPU.Build.0 = Debug|Any CPU
		{31CD3EDE-DEE2-4656-ACDC-FF8E80491889}.Release|Any CPU.ActiveCfg = Release|Any CPU
		{31CD3EDE-DEE2-4656-ACDC-FF8E80491889}.Release|Any CPU.Build.0 = Release|Any CPU
	EndGlobalSection
	GlobalSection(SolutionProperties) = preSolution
		HideSolutionNode = FALSE
	EndGlobalSection
	GlobalSection(ExtensibilityGlobals) = postSolution
		SolutionGuid = {5601DD02-B9A5-403C-95E2-2DAC7B263E00}
	EndGlobalSection
EndGlobal
